
Microsoft Visual Studio Solution File, Format Version 12.00
# Visual Studio Version 17
VisualStudioVersion = 17.10.35122.118
MinimumVisualStudioVersion = 10.0.40219.1
Project("{888888A0-9F3D-457C-B088-3A5042F75D52}") = "API", "API.pyproj", "{7081313E-9434-4FB2-9941-985F29F48965}"
EndProject
Project("{2150E333-8FDC-42A3-9474-1A3956D46DE8}") = "Elementos de la solución", "Elementos de la solución", "{56023F90-E9C6-4C29-84EA-D97117CE6E49}"
	ProjectSection(SolutionItems) = preProject
		.dockerignore = .dockerignore
		.gitignore = .gitignore
	EndProjectSection
EndProject
Global
	GlobalSection(SolutionConfigurationPlatforms) = preSolution
		Debug|Any CPU = Debug|Any CPU
		Release|Any CPU = Release|Any CPU
	EndGlobalSection
	GlobalSection(ProjectConfigurationPlatforms) = postSolution
		{7081313E-9434-4FB2-9941-985F29F48965}.Debug|Any CPU.ActiveCfg = Debug|Any CPU
		{7081313E-9434-4FB2-9941-985F29F48965}.Debug|Any CPU.Build.0 = Debug|Any CPU
		{7081313E-9434-4FB2-9941-985F29F48965}.Release|Any CPU.ActiveCfg = Release|Any CPU
		{7081313E-9434-4FB2-9941-985F29F48965}.Release|Any CPU.Build.0 = Release|Any CPU
	EndGlobalSection
	GlobalSection(SolutionProperties) = preSolution
		HideSolutionNode = FALSE
	EndGlobalSection
	GlobalSection(ExtensibilityGlobals) = postSolution
		SolutionGuid = {BA5053D4-29A3-4D1C-83BB-3B7FFF0D9497}
	EndGlobalSection
EndGlobal
